
Microsoft Visual Studio Solution File, Format Version 12.00
# Visual Studio Version 17
VisualStudioVersion = 17.14.37710.0 d17.14
MinimumVisualStudioVersion = 10.0.40219.1
Project("{FAE04EC0-301F-11D3-BF4B-00C04F79EFBC}") = "hotel_room", "hotel_room\hotel_room.csproj", "{C2C7C1BE-B57A-459E-8468-DFFD80DC672F}"
EndProject
Global
	GlobalSection(SolutionConfigurationPlatforms) = preSolution
		Debug|Any CPU = Debug|Any CPU
		Release|Any CPU = Release|Any CPU
	EndGlobalSection
	GlobalSection(ProjectConfigurationPlatforms) = postSolution
		{C2C7C1BE-B57A-459E-8468-DFFD80DC672F}.Debug|Any CPU.ActiveCfg = Debug|Any CPU
		{C2C7C1BE-B57A-459E-8468-DFFD80DC672F}.Debug|Any CPU.Build.0 = Debug|Any CPU
		{C2C7C1BE-B57A-459E-8468-DFFD80DC672F}.Release|Any CPU.ActiveCfg = Release|Any CPU
		{C2C7C1BE-B57A-459E-8468-DFFD80DC672F}.Release|Any CPU.Build.0 = Release|Any CPU
	EndGlobalSection
	GlobalSection(SolutionProperties) = preSolution
		HideSolutionNode = FALSE
	EndGlobalSection
	GlobalSection(ExtensibilityGlobals) = postSolution
		SolutionGuid = {98B558C7-F841-4DA0-A214-A6818F373805}
	EndGlobalSection
EndGlobal
